
Microsoft Visual Studio Solution File, Format Version 12.00
# Visual Studio Version 17
VisualStudioVersion = 17.0.31903.59
MinimumVisualStudioVersion = 10.0.40219.1
Project("{9A19103F-16F7-4668-BE54-9A1E7A4F7556}") = "TrainersData", "TrainersData\TrainersData.csproj", "{B83B05B7-A58A-4AE8-BC71-BDDF13A32B5B}"
EndProject
Project("{9A19103F-16F7-4668-BE54-9A1E7A4F7556}") = "UI_Console", "UI_Console\UI_Console.csproj", "{C7834F5D-E6F0-4119-B7F5-F26254DECF74}"
EndProject
Global
	GlobalSection(SolutionConfigurationPlatforms) = preSolution
		Debug|Any CPU = Debug|Any CPU
		Release|Any CPU = Release|Any CPU
	EndGlobalSection
	GlobalSection(ProjectConfigurationPlatforms) = postSolution
		{B83B05B7-A58A-4AE8-BC71-BDDF13A32B5B}.Debug|Any CPU.ActiveCfg = Debug|Any CPU
		{B83B05B7-A58A-4AE8-BC71-BDDF13A32B5B}.Debug|Any CPU.Build.0 = Debug|Any CPU
		{B83B05B7-A58A-4AE8-BC71-BDDF13A32B5B}.Release|Any CPU.ActiveCfg = Release|Any CPU
		{B83B05B7-A58A-4AE8-BC71-BDDF13A32B5B}.Release|Any CPU.Build.0 = Release|Any CPU
		{C7834F5D-E6F0-4119-B7F5-F26254DECF74}.Debug|Any CPU.ActiveCfg = Debug|Any CPU
		{C7834F5D-E6F0-4119-B7F5-F26254DECF74}.Debug|Any CPU.Build.0 = Debug|Any CPU
		{C7834F5D-E6F0-4119-B7F5-F26254DECF74}.Release|Any CPU.ActiveCfg = Release|Any CPU
		{C7834F5D-E6F0-4119-B7F5-F26254DECF74}.Release|Any CPU.Build.0 = Release|Any CPU
	EndGlobalSection
	GlobalSection(SolutionProperties) = preSolution
		HideSolutionNode = FALSE
	EndGlobalSection
	GlobalSection(ExtensibilityGlobals) = postSolution
		SolutionGuid = {9FF3DC28-9837-48EE-BF29-9ECBF4047519}
	EndGlobalSection
EndGlobal
