
Microsoft Visual Studio Solution File, Format Version 12.00
# Visual Studio Version 17
VisualStudioVersion = 17.0.31903.59
MinimumVisualStudioVersion = 10.0.40219.1
Project("{9A19103F-16F7-4668-BE54-9A1E7A4F7556}") = "TrainersData", "TrainersData\TrainersData.csproj", "{B83B05B7-A58A-4AE8-BC71-BDDF13A32B5B}"
EndProject
Project("{9A19103F-16F7-4668-BE54-9A1E7A4F7556}") = "Console", "Console\Console.csproj", "{ECDC5D54-590C-4E7E-8673-19CD4C9A4161}"
EndProject
Project("{FAE04EC0-301F-11D3-BF4B-00C04F79EFBC}") = "EntityFrame", "EntityFrame\EntityFrame.csproj", "{EDBEC3D0-8B91-458A-BF32-7B8272823727}"
EndProject
Project("{FAE04EC0-301F-11D3-BF4B-00C04F79EFBC}") = "Business_Logic", "Business_Logic\Business_Logic.csproj", "{58F280E8-2A6B-4B59-AD4B-5B713C4047C7}"
EndProject
Global
	GlobalSection(SolutionConfigurationPlatforms) = preSolution
		Debug|Any CPU = Debug|Any CPU
		Release|Any CPU = Release|Any CPU
	EndGlobalSection
	GlobalSection(ProjectConfigurationPlatforms) = postSolution
		{B83B05B7-A58A-4AE8-BC71-BDDF13A32B5B}.Debug|Any CPU.ActiveCfg = Debug|Any CPU
		{B83B05B7-A58A-4AE8-BC71-BDDF13A32B5B}.Debug|Any CPU.Build.0 = Debug|Any CPU
		{B83B05B7-A58A-4AE8-BC71-BDDF13A32B5B}.Release|Any CPU.ActiveCfg = Release|Any CPU
		{B83B05B7-A58A-4AE8-BC71-BDDF13A32B5B}.Release|Any CPU.Build.0 = Release|Any CPU
		{ECDC5D54-590C-4E7E-8673-19CD4C9A4161}.Debug|Any CPU.ActiveCfg = Debug|Any CPU
		{ECDC5D54-590C-4E7E-8673-19CD4C9A4161}.Debug|Any CPU.Build.0 = Debug|Any CPU
		{ECDC5D54-590C-4E7E-8673-19CD4C9A4161}.Release|Any CPU.ActiveCfg = Release|Any CPU
		{ECDC5D54-590C-4E7E-8673-19CD4C9A4161}.Release|Any CPU.Build.0 = Release|Any CPU
		{EDBEC3D0-8B91-458A-BF32-7B8272823727}.Debug|Any CPU.ActiveCfg = Debug|Any CPU
		{EDBEC3D0-8B91-458A-BF32-7B8272823727}.Debug|Any CPU.Build.0 = Debug|Any CPU
		{EDBEC3D0-8B91-458A-BF32-7B8272823727}.Release|Any CPU.ActiveCfg = Release|Any CPU
		{EDBEC3D0-8B91-458A-BF32-7B8272823727}.Release|Any CPU.Build.0 = Release|Any CPU
		{58F280E8-2A6B-4B59-AD4B-5B713C4047C7}.Debug|Any CPU.ActiveCfg = Debug|Any CPU
		{58F280E8-2A6B-4B59-AD4B-5B713C4047C7}.Debug|Any CPU.Build.0 = Debug|Any CPU
		{58F280E8-2A6B-4B59-AD4B-5B713C4047C7}.Release|Any CPU.ActiveCfg = Release|Any CPU
		{58F280E8-2A6B-4B59-AD4B-5B713C4047C7}.Release|Any CPU.Build.0 = Release|Any CPU
	EndGlobalSection
	GlobalSection(SolutionProperties) = preSolution
		HideSolutionNode = FALSE
	EndGlobalSection
	GlobalSection(ExtensibilityGlobals) = postSolution
		SolutionGuid = {9FF3DC28-9837-48EE-BF29-9ECBF4047519}
	EndGlobalSection
EndGlobal
