
Microsoft Visual Studio Solution File, Format Version 12.00
# Visual Studio Version 17
VisualStudioVersion = 17.0.31903.59
MinimumVisualStudioVersion = 10.0.40219.1
Project("{9A19103F-16F7-4668-BE54-9A1E7A4F7556}") = "FluentApi", "FluentApi\FluentApi.csproj", "{6996BD0F-33B9-452D-BE98-93E4CE46417F}"
EndProject
Project("{9A19103F-16F7-4668-BE54-9A1E7A4F7556}") = "Business_Logic", "Business_Logic\Business_Logic.csproj", "{22B2448D-6400-47B7-BF27-09099C4B84BC}"
EndProject
Project("{9A19103F-16F7-4668-BE54-9A1E7A4F7556}") = "Models", "Models\Models.csproj", "{25D87DE6-52A2-4C9F-B253-53A26A968AD0}"
EndProject
Project("{9A19103F-16F7-4668-BE54-9A1E7A4F7556}") = "services", "services\services.csproj", "{FAE8D194-4D4B-4CD6-9660-71465C9F7E5F}"
EndProject
Project("{9A19103F-16F7-4668-BE54-9A1E7A4F7556}") = "Test", "Test\Test.csproj", "{47590B51-00E9-4E8A-BBA4-0E585BE29AA9}"
EndProject
Global
	GlobalSection(SolutionConfigurationPlatforms) = preSolution
		Debug|Any CPU = Debug|Any CPU
		Release|Any CPU = Release|Any CPU
	EndGlobalSection
	GlobalSection(ProjectConfigurationPlatforms) = postSolution
		{6996BD0F-33B9-452D-BE98-93E4CE46417F}.Debug|Any CPU.ActiveCfg = Debug|Any CPU
		{6996BD0F-33B9-452D-BE98-93E4CE46417F}.Debug|Any CPU.Build.0 = Debug|Any CPU
		{6996BD0F-33B9-452D-BE98-93E4CE46417F}.Release|Any CPU.ActiveCfg = Release|Any CPU
		{6996BD0F-33B9-452D-BE98-93E4CE46417F}.Release|Any CPU.Build.0 = Release|Any CPU
		{22B2448D-6400-47B7-BF27-09099C4B84BC}.Debug|Any CPU.ActiveCfg = Debug|Any CPU
		{22B2448D-6400-47B7-BF27-09099C4B84BC}.Debug|Any CPU.Build.0 = Debug|Any CPU
		{22B2448D-6400-47B7-BF27-09099C4B84BC}.Release|Any CPU.ActiveCfg = Release|Any CPU
		{22B2448D-6400-47B7-BF27-09099C4B84BC}.Release|Any CPU.Build.0 = Release|Any CPU
		{25D87DE6-52A2-4C9F-B253-53A26A968AD0}.Debug|Any CPU.ActiveCfg = Debug|Any CPU
		{25D87DE6-52A2-4C9F-B253-53A26A968AD0}.Debug|Any CPU.Build.0 = Debug|Any CPU
		{25D87DE6-52A2-4C9F-B253-53A26A968AD0}.Release|Any CPU.ActiveCfg = Release|Any CPU
		{25D87DE6-52A2-4C9F-B253-53A26A968AD0}.Release|Any CPU.Build.0 = Release|Any CPU
		{FAE8D194-4D4B-4CD6-9660-71465C9F7E5F}.Debug|Any CPU.ActiveCfg = Debug|Any CPU
		{FAE8D194-4D4B-4CD6-9660-71465C9F7E5F}.Debug|Any CPU.Build.0 = Debug|Any CPU
		{FAE8D194-4D4B-4CD6-9660-71465C9F7E5F}.Release|Any CPU.ActiveCfg = Release|Any CPU
		{FAE8D194-4D4B-4CD6-9660-71465C9F7E5F}.Release|Any CPU.Build.0 = Release|Any CPU
		{47590B51-00E9-4E8A-BBA4-0E585BE29AA9}.Debug|Any CPU.ActiveCfg = Debug|Any CPU
		{47590B51-00E9-4E8A-BBA4-0E585BE29AA9}.Debug|Any CPU.Build.0 = Debug|Any CPU
		{47590B51-00E9-4E8A-BBA4-0E585BE29AA9}.Release|Any CPU.ActiveCfg = Release|Any CPU
		{47590B51-00E9-4E8A-BBA4-0E585BE29AA9}.Release|Any CPU.Build.0 = Release|Any CPU
	EndGlobalSection
	GlobalSection(SolutionProperties) = preSolution
		HideSolutionNode = FALSE
	EndGlobalSection
	GlobalSection(ExtensibilityGlobals) = postSolution
		SolutionGuid = {9FF3DC28-9837-48EE-BF29-9ECBF4047519}
	EndGlobalSection
EndGlobal
